
Microsoft Visual Studio Solution File, Format Version 12.00
# Visual Studio Version 16
VisualStudioVersion = 16.0.31507.150
MinimumVisualStudioVersion = 10.0.40219.1
Project("{FAE04EC0-301F-11D3-BF4B-00C04F79EFBC}") = "ObezIndexAPI", "ObezIndexAPI\ObezIndexAPI.csproj", "{05D89A56-74AB-4DC5-8C2E-B5C95EA8EA6C}"
EndProject
Global
	GlobalSection(SolutionConfigurationPlatforms) = preSolution
		Debug|Any CPU = Debug|Any CPU
		Release|Any CPU = Release|Any CPU
	EndGlobalSection
	GlobalSection(ProjectConfigurationPlatforms) = postSolution
		{05D89A56-74AB-4DC5-8C2E-B5C95EA8EA6C}.Debug|Any CPU.ActiveCfg = Debug|Any CPU
		{05D89A56-74AB-4DC5-8C2E-B5C95EA8EA6C}.Debug|Any CPU.Build.0 = Debug|Any CPU
		{05D89A56-74AB-4DC5-8C2E-B5C95EA8EA6C}.Release|Any CPU.ActiveCfg = Release|Any CPU
		{05D89A56-74AB-4DC5-8C2E-B5C95EA8EA6C}.Release|Any CPU.Build.0 = Release|Any CPU
	EndGlobalSection
	GlobalSection(SolutionProperties) = preSolution
		HideSolutionNode = FALSE
	EndGlobalSection
	GlobalSection(ExtensibilityGlobals) = postSolution
		SolutionGuid = {537C2DD7-1F44-44BE-A9EB-FA5603396303}
	EndGlobalSection
EndGlobal
